// !$*UTF8*$!
{
	archiveVersion = 1;
	classes = {};
	objectVersion = 77;
	objects = {

/* Begin PBXBuildFile section */
		A10000000000000000000001 /* NetworkExtension.framework in Frameworks */ = {isa = PBXBuildFile; fileRef = A10000000000000000000002 /* NetworkExtension.framework */; };
/* End PBXBuildFile section */

/* Begin PBXFileReference section */
		A10000000000000000000002 /* NetworkExtension.framework */ = {isa = PBXFileReference; lastKnownFileType = wrapper.framework; name = NetworkExtension.framework; path = System/Library/Frameworks/NetworkExtension.framework; sourceTree = SDKROOT; };
		A10000000000000000000003 /* KokoroBoxProxyExtension.systemextension */ = {isa = PBXFileReference; explicitFileType = "wrapper.system-extension"; includeInIndex = 0; path = KokoroBoxProxyExtension.systemextension; sourceTree = BUILT_PRODUCTS_DIR; };
/* End PBXFileReference section */

/* Begin PBXFileSystemSynchronizedBuildFileExceptionSet section */
		A10000000000000000000019 /* Exceptions for "extension" folder in "extension" target */ = {isa = PBXFileSystemSynchronizedBuildFileExceptionSet; membershipExceptions = (Info.KokoroBox.plist,); target = A10000000000000000000009 /* extension */; };
/* End PBXFileSystemSynchronizedBuildFileExceptionSet section */

/* Begin PBXFileSystemSynchronizedRootGroup section */
		A10000000000000000000004 /* extension */ = {isa = PBXFileSystemSynchronizedRootGroup; exceptions = (A10000000000000000000019 /* Exceptions for "extension" folder in "extension" target */,); path = extension; sourceTree = "<group>"; };
/* End PBXFileSystemSynchronizedRootGroup section */

/* Begin PBXFrameworksBuildPhase section */
		A10000000000000000000005 /* Frameworks */ = {isa = PBXFrameworksBuildPhase; buildActionMask = 2147483647; files = (A10000000000000000000001 /* NetworkExtension.framework in Frameworks */,); runOnlyForDeploymentPostprocessing = 0; };
/* End PBXFrameworksBuildPhase section */

/* Begin PBXGroup section */
		A10000000000000000000006 = {isa = PBXGroup; children = (A10000000000000000000004 /* extension */, A10000000000000000000007 /* Frameworks */, A10000000000000000000008 /* Products */,); sourceTree = "<group>"; };
		A10000000000000000000007 /* Frameworks */ = {isa = PBXGroup; children = (A10000000000000000000002 /* NetworkExtension.framework */,); name = Frameworks; sourceTree = "<group>"; };
		A10000000000000000000008 /* Products */ = {isa = PBXGroup; children = (A10000000000000000000003 /* KokoroBoxProxyExtension.systemextension */,); name = Products; sourceTree = "<group>"; };
/* End PBXGroup section */

/* Begin PBXNativeTarget section */
		A10000000000000000000009 /* extension */ = {
			isa = PBXNativeTarget;
			buildConfigurationList = A10000000000000000000010 /* Build configuration list for PBXNativeTarget "extension" */;
			buildPhases = (A10000000000000000000011 /* Sources */, A10000000000000000000005 /* Frameworks */, A10000000000000000000012 /* Resources */,);
			buildRules = ();
			dependencies = ();
			fileSystemSynchronizedGroups = (A10000000000000000000004 /* extension */,);
			name = extension;
			packageProductDependencies = ();
			productName = extension;
			productReference = A10000000000000000000003 /* KokoroBoxProxyExtension.systemextension */;
			productType = "com.apple.product-type.system-extension";
		};
/* End PBXNativeTarget section */

/* Begin PBXProject section */
		A10000000000000000000013 /* Project object */ = {
			isa = PBXProject;
			attributes = { BuildIndependentTargetsInParallel = 1; LastUpgradeCheck = 2600; TargetAttributes = { A10000000000000000000009 = { CreatedOnToolsVersion = 26.0.1; }; }; };
			buildConfigurationList = A10000000000000000000014 /* Build configuration list for PBXProject "ProxyBridge" */;
			developmentRegion = en;
			hasScannedForEncodings = 0;
			knownRegions = (en, Base,);
			mainGroup = A10000000000000000000006;
			minimizedProjectReferenceProxies = 1;
			preferredProjectObjectVersion = 77;
			productRefGroup = A10000000000000000000008 /* Products */;
			projectDirPath = "";
			projectRoot = "";
			targets = (A10000000000000000000009 /* extension */,);
		};
/* End PBXProject section */

/* Begin PBXResourcesBuildPhase section */
		A10000000000000000000012 /* Resources */ = {isa = PBXResourcesBuildPhase; buildActionMask = 2147483647; files = (); runOnlyForDeploymentPostprocessing = 0; };
/* End PBXResourcesBuildPhase section */

/* Begin PBXSourcesBuildPhase section */
		A10000000000000000000011 /* Sources */ = {isa = PBXSourcesBuildPhase; buildActionMask = 2147483647; files = (); runOnlyForDeploymentPostprocessing = 0; };
/* End PBXSourcesBuildPhase section */

/* Begin XCBuildConfiguration section */
		A10000000000000000000015 /* Debug */ = {isa = XCBuildConfiguration; buildSettings = { MACOSX_DEPLOYMENT_TARGET = 13.0; SDKROOT = macosx; }; name = Debug; };
		A10000000000000000000016 /* Release */ = {isa = XCBuildConfiguration; buildSettings = { MACOSX_DEPLOYMENT_TARGET = 13.0; SDKROOT = macosx; }; name = Release; };
		A10000000000000000000017 /* Debug */ = {isa = XCBuildConfiguration; buildSettings = { CODE_SIGN_ENTITLEMENTS = extension/KokoroBox.entitlements; CURRENT_PROJECT_VERSION = 1; ENABLE_APP_SANDBOX = YES; ENABLE_HARDENED_RUNTIME = YES; GENERATE_INFOPLIST_FILE = NO; INFOPLIST_FILE = extension/Info.KokoroBox.plist; MACOSX_DEPLOYMENT_TARGET = 13.0; MARKETING_VERSION = 1.0.0; PRODUCT_BUNDLE_IDENTIFIER = com.amamiyakokoro.app.proxy-extension; PRODUCT_MODULE_NAME = KokoroBoxProxyExtension; PRODUCT_NAME = KokoroBoxProxyExtension; SDKROOT = macosx; SKIP_INSTALL = YES; SWIFT_VERSION = 5.0; }; name = Debug; };
		A10000000000000000000018 /* Release */ = {isa = XCBuildConfiguration; buildSettings = { CODE_SIGN_ENTITLEMENTS = extension/KokoroBox.entitlements; CURRENT_PROJECT_VERSION = 1; ENABLE_APP_SANDBOX = YES; ENABLE_HARDENED_RUNTIME = YES; GENERATE_INFOPLIST_FILE = NO; INFOPLIST_FILE = extension/Info.KokoroBox.plist; MACOSX_DEPLOYMENT_TARGET = 13.0; MARKETING_VERSION = 1.0.0; PRODUCT_BUNDLE_IDENTIFIER = com.amamiyakokoro.app.proxy-extension; PRODUCT_MODULE_NAME = KokoroBoxProxyExtension; PRODUCT_NAME = KokoroBoxProxyExtension; SDKROOT = macosx; SKIP_INSTALL = YES; SWIFT_COMPILATION_MODE = wholemodule; SWIFT_VERSION = 5.0; }; name = Release; };
/* End XCBuildConfiguration section */

/* Begin XCConfigurationList section */
		A10000000000000000000014 /* Build configuration list for PBXProject "ProxyBridge" */ = {isa = XCConfigurationList; buildConfigurations = (A10000000000000000000015 /* Debug */, A10000000000000000000016 /* Release */,); defaultConfigurationIsVisible = 0; defaultConfigurationName = Release; };
		A10000000000000000000010 /* Build configuration list for PBXNativeTarget "extension" */ = {isa = XCConfigurationList; buildConfigurations = (A10000000000000000000017 /* Debug */, A10000000000000000000018 /* Release */,); defaultConfigurationIsVisible = 0; defaultConfigurationName = Release; };
/* End XCConfigurationList section */
	};
	rootObject = A10000000000000000000013 /* Project object */;
}
